
Microsoft Visual Studio Solution File, Format Version 12.00
# Visual Studio Version 16
VisualStudioVersion = 16.0.32901.82
MinimumVisualStudioVersion = 10.0.40219.1
Project("{FAE04EC0-301F-11D3-BF4B-00C04F79EFBC}") = "HadiWebBrowser", "HadiWebBrowser\HadiWebBrowser.csproj", "{30ED66B5-FEB1-4258-B236-F273BF119B80}"
EndProject
Global
	GlobalSection(SolutionConfigurationPlatforms) = preSolution
		Debug|Any CPU = Debug|Any CPU
		Release|Any CPU = Release|Any CPU
	EndGlobalSection
	GlobalSection(ProjectConfigurationPlatforms) = postSolution
		{30ED66B5-FEB1-4258-B236-F273BF119B80}.Debug|Any CPU.ActiveCfg = Debug|Any CPU
		{30ED66B5-FEB1-4258-B236-F273BF119B80}.Debug|Any CPU.Build.0 = Debug|Any CPU
		{30ED66B5-FEB1-4258-B236-F273BF119B80}.Release|Any CPU.ActiveCfg = Release|Any CPU
		{30ED66B5-FEB1-4258-B236-F273BF119B80}.Release|Any CPU.Build.0 = Release|Any CPU
	EndGlobalSection
	GlobalSection(SolutionProperties) = preSolution
		HideSolutionNode = FALSE
	EndGlobalSection
	GlobalSection(ExtensibilityGlobals) = postSolution
		SolutionGuid = {A4152583-2381-47AE-AC2F-B2580C8DC1BE}
	EndGlobalSection
EndGlobal
